
Microsoft Visual Studio Solution File, Format Version 12.00
# Visual Studio Version 16
VisualStudioVersion = 16.0.30413.136
MinimumVisualStudioVersion = 10.0.40219.1
Project("{8BC9CEB8-8B4A-11D0-8D11-00A0C91BC942}") = "CSGOExternalMessageBox", "CSGOExternalMessageBox.vcxproj", "{E966B573-7AFC-4407-A9D5-50D7BCCB8102}"
EndProject
Global
	GlobalSection(SolutionConfigurationPlatforms) = preSolution
		Debug|x86 = Debug|x86
		Release|x86 = Release|x86
	EndGlobalSection
	GlobalSection(ProjectConfigurationPlatforms) = postSolution
		{E966B573-7AFC-4407-A9D5-50D7BCCB8102}.Debug|x86.ActiveCfg = Debug|Win32
		{E966B573-7AFC-4407-A9D5-50D7BCCB8102}.Debug|x86.Build.0 = Debug|Win32
		{E966B573-7AFC-4407-A9D5-50D7BCCB8102}.Release|x86.ActiveCfg = Release|Win32
		{E966B573-7AFC-4407-A9D5-50D7BCCB8102}.Release|x86.Build.0 = Release|Win32
	EndGlobalSection
	GlobalSection(SolutionProperties) = preSolution
		HideSolutionNode = FALSE
	EndGlobalSection
	GlobalSection(ExtensibilityGlobals) = postSolution
		SolutionGuid = {0F96411D-D2DD-4DE3-8A52-0F2F1867C811}
	EndGlobalSection
EndGlobal
